
Microsoft Visual Studio Solution File, Format Version 12.00
# Visual Studio Version 17
VisualStudioVersion = 17.14.36327.8
MinimumVisualStudioVersion = 10.0.40219.1
Project("{FAE04EC0-301F-11D3-BF4B-00C04F79EFBC}") = "BookLibwithSub.API", "BookLibwithSub.API\BookLibwithSub.API.csproj", "{94A5F05C-BED8-439E-8409-9B7ED2A82F8C}"
EndProject
Project("{FAE04EC0-301F-11D3-BF4B-00C04F79EFBC}") = "BookLibwithSub.Repo", "BookLibwithSub.Repo\BookLibwithSub.Repo.csproj", "{781F53BA-F0AD-42BB-8982-2B938CF364C9}"
EndProject
Project("{FAE04EC0-301F-11D3-BF4B-00C04F79EFBC}") = "BookLibwithSub.Service", "BookLibwithSub.Service\BookLibwithSub.Service.csproj", "{32FE1C8D-574E-4F44-884C-0C3B9B76E652}"
EndProject
Global
	GlobalSection(SolutionConfigurationPlatforms) = preSolution
		Debug|Any CPU = Debug|Any CPU
		Release|Any CPU = Release|Any CPU
	EndGlobalSection
	GlobalSection(ProjectConfigurationPlatforms) = postSolution
		{94A5F05C-BED8-439E-8409-9B7ED2A82F8C}.Debug|Any CPU.ActiveCfg = Debug|Any CPU
		{94A5F05C-BED8-439E-8409-9B7ED2A82F8C}.Debug|Any CPU.Build.0 = Debug|Any CPU
		{94A5F05C-BED8-439E-8409-9B7ED2A82F8C}.Release|Any CPU.ActiveCfg = Release|Any CPU
		{94A5F05C-BED8-439E-8409-9B7ED2A82F8C}.Release|Any CPU.Build.0 = Release|Any CPU
		{781F53BA-F0AD-42BB-8982-2B938CF364C9}.Debug|Any CPU.ActiveCfg = Debug|Any CPU
		{781F53BA-F0AD-42BB-8982-2B938CF364C9}.Debug|Any CPU.Build.0 = Debug|Any CPU
		{781F53BA-F0AD-42BB-8982-2B938CF364C9}.Release|Any CPU.ActiveCfg = Release|Any CPU
		{781F53BA-F0AD-42BB-8982-2B938CF364C9}.Release|Any CPU.Build.0 = Release|Any CPU
		{32FE1C8D-574E-4F44-884C-0C3B9B76E652}.Debug|Any CPU.ActiveCfg = Debug|Any CPU
		{32FE1C8D-574E-4F44-884C-0C3B9B76E652}.Debug|Any CPU.Build.0 = Debug|Any CPU
		{32FE1C8D-574E-4F44-884C-0C3B9B76E652}.Release|Any CPU.ActiveCfg = Release|Any CPU
		{32FE1C8D-574E-4F44-884C-0C3B9B76E652}.Release|Any CPU.Build.0 = Release|Any CPU
	EndGlobalSection
	GlobalSection(SolutionProperties) = preSolution
		HideSolutionNode = FALSE
	EndGlobalSection
	GlobalSection(ExtensibilityGlobals) = postSolution
		SolutionGuid = {22341BBA-A0AA-4FE6-B146-808551260C37}
	EndGlobalSection
EndGlobal
